PODS:
  - MicrosoftCognitiveServicesSpeech-iOS (1.50.0)

DEPENDENCIES:
  - MicrosoftCognitiveServicesSpeech-iOS

SPEC REPOS:
  trunk:
    - MicrosoftCognitiveServicesSpeech-iOS

SPEC CHECKSUMS:
  MicrosoftCognitiveServicesSpeech-iOS: a925e8e70cc301e0edcabb3f47313d0f49239574

PODFILE CHECKSUM: dc7ced8c666f15deca27381c5342085811343a87

COCOAPODS: 1.16.2
