// !$*UTF8*$!
{
	archiveVersion = 1;
	classes = {
	};
	objectVersion = 77;
	objects = {

/* Begin PBXBuildFile section */
		030735CABD36D7FB877879E3 /* mdf.c in Sources */ = {isa = PBXBuildFile; fileRef = 3CB37C6945A490ADAA1C892F /* mdf.c */; };
		050E27718752A13049E7E068 /* ConversationTurn.swift in Sources */ = {isa = PBXBuildFile; fileRef = 4F15A97519E0296F00C87383 /* ConversationTurn.swift */; };
		0CB8262C8AC06298B9649C01 /* kiss_fft.c in Sources */ = {isa = PBXBuildFile; fileRef = E98DA96367C0D314859A27A0 /* kiss_fft.c */; };
		0F7A7387657ED0B551E2FA76 /* HeuristicSpeakerEvidenceProvider.swift in Sources */ = {isa = PBXBuildFile; fileRef = 3EE2C16DB77B0CB3B8137840 /* HeuristicSpeakerEvidenceProvider.swift */; };
		10F6EF7662E8D50CB51ACE82 /* VoiceCoreIntegrationTests.swift in Sources */ = {isa = PBXBuildFile; fileRef = 135EAF7176B363A5B9244EC9 /* VoiceCoreIntegrationTests.swift */; };
		116FDEFBF9ACC25271E05737 /* AzureSpeechSynthesizer.swift in Sources */ = {isa = PBXBuildFile; fileRef = 2FB83F38B79DFFD42433F1B8 /* AzureSpeechSynthesizer.swift */; };
		1F5DBF8687F4A241461889DA /* AcousticEchoCanceller.swift in Sources */ = {isa = PBXBuildFile; fileRef = 135EDA5308A37E7B01CCA36B /* AcousticEchoCanceller.swift */; };
		20DCDC18005170C56D70FE97 /* ControlledAudioSpeechSynthesizer.swift in Sources */ = {isa = PBXBuildFile; fileRef = 6501B1D3558F9812519F61BF /* ControlledAudioSpeechSynthesizer.swift */; };
		245D5BBD9333C2ED263A9418 /* HeuristicSpeakerEvidenceProviderTests.swift in Sources */ = {isa = PBXBuildFile; fileRef = 43413DDD2AB8B0A0164BDC37 /* HeuristicSpeakerEvidenceProviderTests.swift */; };
		265F9E51B92C691C544E70E2 /* AppText.swift in Sources */ = {isa = PBXBuildFile; fileRef = E6E7DE32AB32D0A49E242C7C /* AppText.swift */; };
		2B98BAEABC0D641404AB7289 /* VoiceCallViewModelTests.swift in Sources */ = {isa = PBXBuildFile; fileRef = 934810D4BE79D86D4FC1AD82 /* VoiceCallViewModelTests.swift */; };
		3525ED531F20400EF1A84883 /* MicrophoneAudioEvidenceBufferTests.swift in Sources */ = {isa = PBXBuildFile; fileRef = 3629706AC017BA11BAC3F69B /* MicrophoneAudioEvidenceBufferTests.swift */; };
		376D7EDA33AA542253166220 /* SystemSpeechSynthesizer.swift in Sources */ = {isa = PBXBuildFile; fileRef = 738D1A10CB568B886FC63FF0 /* SystemSpeechSynthesizer.swift */; };
		3D16567E5616C616385540D8 /* filterbank.c in Sources */ = {isa = PBXBuildFile; fileRef = C3912FB15893ADC1FE0ECCA2 /* filterbank.c */; };
		463D31826A6205B6EFA8ABD8 /* VoiceHomeView.swift in Sources */ = {isa = PBXBuildFile; fileRef = C9C8DB07CA854B5078F1FC85 /* VoiceHomeView.swift */; };
		4B3AF03D60E95EEC0889DBCF /* SpeechServiceFactory.swift in Sources */ = {isa = PBXBuildFile; fileRef = 4B0340483CD5958B62B50D34 /* SpeechServiceFactory.swift */; };
		4D6B81AA049DD566766AF9A8 /* HistoryListViewModelTests.swift in Sources */ = {isa = PBXBuildFile; fileRef = 435C3FFB83D39A6CD77A55EF /* HistoryListViewModelTests.swift */; };
		504F8DAFD7DC71A84E80C874 /* MockData.swift in Sources */ = {isa = PBXBuildFile; fileRef = AFE7EC7115BB119D09279F16 /* MockData.swift */; };
		53AFB3F64F0C12C5A608093F /* AppConfig.swift in Sources */ = {isa = PBXBuildFile; fileRef = 4848598178BFBD6B6206975A /* AppConfig.swift */; };
		56282EB560EBDF956F823CCF /* GlassPanel.swift in Sources */ = {isa = PBXBuildFile; fileRef = CA8B43BF7EF897A75924B702 /* GlassPanel.swift */; };
		565719299A7D44F0EB0BBD98 /* ProcessedAzureAudioInputStream.swift in Sources */ = {isa = PBXBuildFile; fileRef = 0E695C3A7592221F8D633137 /* ProcessedAzureAudioInputStream.swift */; };
		63A1FF0A622198BF37810AFF /* HistoryListViewModel.swift in Sources */ = {isa = PBXBuildFile; fileRef = 3ED8B0AA53F0E22D5945199D /* HistoryListViewModel.swift */; };
		6BA772B3E493DD8939020C79 /* MicrophoneAudioEvidenceBuffer.swift in Sources */ = {isa = PBXBuildFile; fileRef = 4E11990DA4904D28E4EA2401 /* MicrophoneAudioEvidenceBuffer.swift */; };
		6C5FDF5949BBEEBBDBF21254 /* HistoryListView.swift in Sources */ = {isa = PBXBuildFile; fileRef = 2FB305B67029713BA0EF6AE7 /* HistoryListView.swift */; };
		762AF19DABE78081175F4105 /* VoiceCallViewModel.swift in Sources */ = {isa = PBXBuildFile; fileRef = 4E7A997FF2BF19F885C11CBD /* VoiceCallViewModel.swift */; };
		821AD51EF9E090A78F16E69E /* InCallView.swift in Sources */ = {isa = PBXBuildFile; fileRef = F14417D62505695D145DB93D /* InCallView.swift */; };
		91BB79975E50FD87107F9CC7 /* VoiceCallAssistantApp.swift in Sources */ = {isa = PBXBuildFile; fileRef = 63BC59FA1A1FF7EDEFF55E1C /* VoiceCallAssistantApp.swift */; };
		91FD33EA7308098F82575AF7 /* AppSpacing.swift in Sources */ = {isa = PBXBuildFile; fileRef = E607FDB41A0A13B2B2E060FD /* AppSpacing.swift */; };
		92E9E55329AF6490BA1648E7 /* Pods_AuraVoiceAssistantTests.framework in Frameworks */ = {isa = PBXBuildFile; fileRef = E119614FC683CB9E08BAA305 /* Pods_AuraVoiceAssistantTests.framework */; };
		93E4F87383BFC128EF14925C /* SettingsViewModelTests.swift in Sources */ = {isa = PBXBuildFile; fileRef = 2F40B221DC97837A5192BD2F /* SettingsViewModelTests.swift */; };
		9486BC672CFE76688A003EB5 /* PreviewConversationStore.swift in Sources */ = {isa = PBXBuildFile; fileRef = 424E818917A2D6800613E199 /* PreviewConversationStore.swift */; };
		A5495E23EBFD3AB1055E174B /* AppColors.swift in Sources */ = {isa = PBXBuildFile; fileRef = 8BFD600D4F541E457C74E6EB /* AppColors.swift */; };
		B43DA451DA9E1248E427A292 /* VoiceWaveView.swift in Sources */ = {isa = PBXBuildFile; fileRef = 5AC211B1DAB5DCD4B62BDE01 /* VoiceWaveView.swift */; };
		B71FB7606C7BDB13D2685FF8 /* AppHeaderView.swift in Sources */ = {isa = PBXBuildFile; fileRef = 28BEA77503A913A0F6CF2895 /* AppHeaderView.swift */; };
		B84073C7FC928B03B5F38BF1 /* MessageDetailView.swift in Sources */ = {isa = PBXBuildFile; fileRef = 18233E523C189CC3AC189860 /* MessageDetailView.swift */; };
		BE45AC22A42E76A059807637 /* PreviewScaffold.swift in Sources */ = {isa = PBXBuildFile; fileRef = 8EB9F638E65BCF5DF6790568 /* PreviewScaffold.swift */; };
		C01E94597CA06779762B2948 /* preprocess.c in Sources */ = {isa = PBXBuildFile; fileRef = 272F5229B00145CED5953DE3 /* preprocess.c */; };
		C10DD8656ACDF13E75D6C152 /* smallft.c in Sources */ = {isa = PBXBuildFile; fileRef = EEC4180ABAE828E7FB94F571 /* smallft.c */; };
		C83FAB8C7CEC66192CE35D2A /* ConversationStoring.swift in Sources */ = {isa = PBXBuildFile; fileRef = 25F559E14EC06BC79B680FBD /* ConversationStoring.swift */; };
		C85A2D81CFF95006CF1594D5 /* AzureSpeechRecognizer.swift in Sources */ = {isa = PBXBuildFile; fileRef = 0CD3C00B0EFFAE090AC8B5E9 /* AzureSpeechRecognizer.swift */; };
		CB19145D7367CF5ACD83937D /* AcousticEchoCancellerTests.swift in Sources */ = {isa = PBXBuildFile; fileRef = F7E96491BAD1B3FD0B01168C /* AcousticEchoCancellerTests.swift */; };
		D3FF7559636FC06052D90FCE /* SpeechServiceFactoryTests.swift in Sources */ = {isa = PBXBuildFile; fileRef = 51BC9BE0C48CFBFE49ED912F /* SpeechServiceFactoryTests.swift */; };
		D569EFFB9B4DEC814D7C957F /* Assets.xcassets in Resources */ = {isa = PBXBuildFile; fileRef = 21093BB059738EDB7AA0B09C /* Assets.xcassets */; };
		D68E998F45C9334ED0EF9DFD /* MeshBackground.swift in Sources */ = {isa = PBXBuildFile; fileRef = 5ED3D04C0E610BF24A14D6C0 /* MeshBackground.swift */; };
		D6CE536A19906AB47522303D /* SustainedVoiceActivityEmitterTests.swift in Sources */ = {isa = PBXBuildFile; fileRef = 8D94FB50692B7E2D2F700980 /* SustainedVoiceActivityEmitterTests.swift */; };
		D8E41878FB7E60FC0FFAEB64 /* AppConfig+VoiceCore.swift in Sources */ = {isa = PBXBuildFile; fileRef = 30042FA1EABD9C15465A25B9 /* AppConfig+VoiceCore.swift */; };
		DD95B1FBF042E42003589CB2 /* SettingsViewModel.swift in Sources */ = {isa = PBXBuildFile; fileRef = 6494998E5FC3CC0F71290377 /* SettingsViewModel.swift */; };
		E04B2727299FE3A9BF0C3251 /* fftwrap.c in Sources */ = {isa = PBXBuildFile; fileRef = F83E6D7443467D4516C99F92 /* fftwrap.c */; };
		E22B891F448267BDB4850377 /* Pods_AuraVoiceAssistant.framework in Frameworks */ = {isa = PBXBuildFile; fileRef = 0054DE5140D9B9387F013E69 /* Pods_AuraVoiceAssistant.framework */; };
		E280E70E7E1CB72C73D15240 /* SustainedVoiceActivityEmitter.swift in Sources */ = {isa = PBXBuildFile; fileRef = CC6A03B545C20CED708E5E11 /* SustainedVoiceActivityEmitter.swift */; };
		E2AF49AB4F07973F9A4A818E /* kiss_fftr.c in Sources */ = {isa = PBXBuildFile; fileRef = CFD3DB7F8F28711DD9C653EE /* kiss_fftr.c */; };
		E5683C8E14683DCD035DBE86 /* MessageListViewModel.swift in Sources */ = {isa = PBXBuildFile; fileRef = 3B3345EECB74102BA08023BA /* MessageListViewModel.swift */; };
		EA22BE2F17596C4AC68A8501 /* VoiceCore in Frameworks */ = {isa = PBXBuildFile; productRef = 0FA42DFF97AD4E218C51339A /* VoiceCore */; };
		EB7102744ECE7610D5B6F099 /* ContentView.swift in Sources */ = {isa = PBXBuildFile; fileRef = DCE457990A547F29A24BE6C2 /* ContentView.swift */; };
		ECC68B3B2D74EEB7463AC39E /* VoiceRootView.swift in Sources */ = {isa = PBXBuildFile; fileRef = E140F98A5C60D95CD26494B5 /* VoiceRootView.swift */; };
		F345A62EF8358F8331745533 /* SettingsView.swift in Sources */ = {isa = PBXBuildFile; fileRef = 1105A26558516E8158708D61 /* SettingsView.swift */; };
		F4F0BCBB958411388F3B945A /* AudioSessionManager.swift in Sources */ = {isa = PBXBuildFile; fileRef = A87BFB564F8938C8B3996793 /* AudioSessionManager.swift */; };
		F7D95BB51DE66950A2792B1B /* AppTypography.swift in Sources */ = {isa = PBXBuildFile; fileRef = 38CE417348D3C0AF983924D6 /* AppTypography.swift */; };
/* End PBXBuildFile section */

/* Begin PBXContainerItemProxy section */
		AFE87C7CB62F8E7D8175AF69 /* PBXContainerItemProxy */ = {
			isa = PBXContainerItemProxy;
			containerPortal = 88C106FC1DAA7EC9DF76CF92 /* Project object */;
			proxyType = 1;
			remoteGlobalIDString = 5838E2725B92B1D52F0698BE;
			remoteInfo = AuraVoiceAssistant;
		};
/* End PBXContainerItemProxy section */

/* Begin PBXFileReference section */
		0054DE5140D9B9387F013E69 /* Pods_AuraVoiceAssistant.framework */ = {isa = PBXFileReference; explicitFileType = wrapper.framework; includeInIndex = 0; path = Pods_AuraVoiceAssistant.framework; sourceTree = BUILT_PRODUCTS_DIR; };
		018AB3B6D3D0520C16232051 /* LocalConfig.sample.xcconfig */ = {isa = PBXFileReference; lastKnownFileType = text.xcconfig; path = LocalConfig.sample.xcconfig; sourceTree = "<group>"; };
		07B71D94294FCD4CC2A2A7D2 /* AuraVoiceAssistantTests.xctest */ = {isa = PBXFileReference; includeInIndex = 0; lastKnownFileType = wrapper.cfbundle; path = AuraVoiceAssistantTests.xctest; sourceTree = BUILT_PRODUCTS_DIR; };
		0CD3C00B0EFFAE090AC8B5E9 /* AzureSpeechRecognizer.swift */ = {isa = PBXFileReference; lastKnownFileType = sourcecode.swift; path = AzureSpeechRecognizer.swift; sourceTree = "<group>"; };
		0D26AC47628DB8F9FB6F321D /* fixed_arm5e.h */ = {isa = PBXFileReference; lastKnownFileType = sourcecode.c.h; path = fixed_arm5e.h; sourceTree = "<group>"; };
		0E695C3A7592221F8D633137 /* ProcessedAzureAudioInputStream.swift */ = {isa = PBXFileReference; lastKnownFileType = sourcecode.swift; path = ProcessedAzureAudioInputStream.swift; sourceTree = "<group>"; };
		1105A26558516E8158708D61 /* SettingsView.swift */ = {isa = PBXFileReference; lastKnownFileType = sourcecode.swift; path = SettingsView.swift; sourceTree = "<group>"; };
		135EAF7176B363A5B9244EC9 /* VoiceCoreIntegrationTests.swift */ = {isa = PBXFileReference; lastKnownFileType = sourcecode.swift; path = VoiceCoreIntegrationTests.swift; sourceTree = "<group>"; };
		135EDA5308A37E7B01CCA36B /* AcousticEchoCanceller.swift */ = {isa = PBXFileReference; lastKnownFileType = sourcecode.swift; path = AcousticEchoCanceller.swift; sourceTree = "<group>"; };
		18233E523C189CC3AC189860 /* MessageDetailView.swift */ = {isa = PBXFileReference; lastKnownFileType = sourcecode.swift; path = MessageDetailView.swift; sourceTree = "<group>"; };
		1BBE67FB0F234F2EC2A5ABC4 /* Pods-AuraVoiceAssistant.debug.xcconfig */ = {isa = PBXFileReference; includeInIndex = 1; lastKnownFileType = text.xcconfig; name = "Pods-AuraVoiceAssistant.debug.xcconfig"; path = "Target Support Files/Pods-AuraVoiceAssistant/Pods-AuraVoiceAssistant.debug.xcconfig"; sourceTree = "<group>"; };
		21093BB059738EDB7AA0B09C /* Assets.xcassets */ = {isa = PBXFileReference; lastKnownFileType = folder.assetcatalog; path = Assets.xcassets; sourceTree = "<group>"; };
		25F559E14EC06BC79B680FBD /* ConversationStoring.swift */ = {isa = PBXFileReference; lastKnownFileType = sourcecode.swift; path = ConversationStoring.swift; sourceTree = "<group>"; };
		272F5229B00145CED5953DE3 /* preprocess.c */ = {isa = PBXFileReference; lastKnownFileType = sourcecode.c.c; path = preprocess.c; sourceTree = "<group>"; };
		28BEA77503A913A0F6CF2895 /* AppHeaderView.swift */ = {isa = PBXFileReference; lastKnownFileType = sourcecode.swift; path = AppHeaderView.swift; sourceTree = "<group>"; };
		2BCCBEF7313D552512A01429 /* math_approx.h */ = {isa = PBXFileReference; lastKnownFileType = sourcecode.c.h; path = math_approx.h; sourceTree = "<group>"; };
		2D423EF80A249150EB63934E /* filterbank.h */ = {isa = PBXFileReference; lastKnownFileType = sourcecode.c.h; path = filterbank.h; sourceTree = "<group>"; };
		2F40B221DC97837A5192BD2F /* SettingsViewModelTests.swift */ = {isa = PBXFileReference; lastKnownFileType = sourcecode.swift; path = SettingsViewModelTests.swift; sourceTree = "<group>"; };
		2FB305B67029713BA0EF6AE7 /* HistoryListView.swift */ = {isa = PBXFileReference; lastKnownFileType = sourcecode.swift; path = HistoryListView.swift; sourceTree = "<group>"; };
		2FB83F38B79DFFD42433F1B8 /* AzureSpeechSynthesizer.swift */ = {isa = PBXFileReference; lastKnownFileType = sourcecode.swift; path = AzureSpeechSynthesizer.swift; sourceTree = "<group>"; };
		30042FA1EABD9C15465A25B9 /* AppConfig+VoiceCore.swift */ = {isa = PBXFileReference; lastKnownFileType = sourcecode.swift; path = "AppConfig+VoiceCore.swift"; sourceTree = "<group>"; };
		35CBF681D371F8D9D740A601 /* pseudofloat.h */ = {isa = PBXFileReference; lastKnownFileType = sourcecode.c.h; path = pseudofloat.h; sourceTree = "<group>"; };
		3629706AC017BA11BAC3F69B /* MicrophoneAudioEvidenceBufferTests.swift */ = {isa = PBXFileReference; lastKnownFileType = sourcecode.swift; path = MicrophoneAudioEvidenceBufferTests.swift; sourceTree = "<group>"; };
		38CE417348D3C0AF983924D6 /* AppTypography.swift */ = {isa = PBXFileReference; lastKnownFileType = sourcecode.swift; path = AppTypography.swift; sourceTree = "<group>"; };
		39EA2E82EEE2D917508920D9 /* AuraVoiceAssistant.app */ = {isa = PBXFileReference; includeInIndex = 0; lastKnownFileType = wrapper.application; path = AuraVoiceAssistant.app; sourceTree = BUILT_PRODUCTS_DIR; };
		3B3345EECB74102BA08023BA /* MessageListViewModel.swift */ = {isa = PBXFileReference; lastKnownFileType = sourcecode.swift; path = MessageListViewModel.swift; sourceTree = "<group>"; };
		3CB37C6945A490ADAA1C892F /* mdf.c */ = {isa = PBXFileReference; lastKnownFileType = sourcecode.c.c; path = mdf.c; sourceTree = "<group>"; };
		3CDC961EA54F8D486E03B818 /* fixed_arm4.h */ = {isa = PBXFileReference; lastKnownFileType = sourcecode.c.h; path = fixed_arm4.h; sourceTree = "<group>"; };
		3ED8B0AA53F0E22D5945199D /* HistoryListViewModel.swift */ = {isa = PBXFileReference; lastKnownFileType = sourcecode.swift; path = HistoryListViewModel.swift; sourceTree = "<group>"; };
		3EE2C16DB77B0CB3B8137840 /* HeuristicSpeakerEvidenceProvider.swift */ = {isa = PBXFileReference; lastKnownFileType = sourcecode.swift; path = HeuristicSpeakerEvidenceProvider.swift; sourceTree = "<group>"; };
		424E818917A2D6800613E199 /* PreviewConversationStore.swift */ = {isa = PBXFileReference; lastKnownFileType = sourcecode.swift; path = PreviewConversationStore.swift; sourceTree = "<group>"; };
		43413DDD2AB8B0A0164BDC37 /* HeuristicSpeakerEvidenceProviderTests.swift */ = {isa = PBXFileReference; lastKnownFileType = sourcecode.swift; path = HeuristicSpeakerEvidenceProviderTests.swift; sourceTree = "<group>"; };
		435C3FFB83D39A6CD77A55EF /* HistoryListViewModelTests.swift */ = {isa = PBXFileReference; lastKnownFileType = sourcecode.swift; path = HistoryListViewModelTests.swift; sourceTree = "<group>"; };
		4848598178BFBD6B6206975A /* AppConfig.swift */ = {isa = PBXFileReference; lastKnownFileType = sourcecode.swift; path = AppConfig.swift; sourceTree = "<group>"; };
		48DACB8AF2BC2E39E0059DF2 /* Debug.xcconfig */ = {isa = PBXFileReference; lastKnownFileType = text.xcconfig; path = Debug.xcconfig; sourceTree = "<group>"; };
		4B0340483CD5958B62B50D34 /* SpeechServiceFactory.swift */ = {isa = PBXFileReference; lastKnownFileType = sourcecode.swift; path = SpeechServiceFactory.swift; sourceTree = "<group>"; };
		4E11990DA4904D28E4EA2401 /* MicrophoneAudioEvidenceBuffer.swift */ = {isa = PBXFileReference; lastKnownFileType = sourcecode.swift; path = MicrophoneAudioEvidenceBuffer.swift; sourceTree = "<group>"; };
		4E7A997FF2BF19F885C11CBD /* VoiceCallViewModel.swift */ = {isa = PBXFileReference; lastKnownFileType = sourcecode.swift; path = VoiceCallViewModel.swift; sourceTree = "<group>"; };
		4F15A97519E0296F00C87383 /* ConversationTurn.swift */ = {isa = PBXFileReference; lastKnownFileType = sourcecode.swift; path = ConversationTurn.swift; sourceTree = "<group>"; };
		51BC9BE0C48CFBFE49ED912F /* SpeechServiceFactoryTests.swift */ = {isa = PBXFileReference; lastKnownFileType = sourcecode.swift; path = SpeechServiceFactoryTests.swift; sourceTree = "<group>"; };
		5AC211B1DAB5DCD4B62BDE01 /* VoiceWaveView.swift */ = {isa = PBXFileReference; lastKnownFileType = sourcecode.swift; path = VoiceWaveView.swift; sourceTree = "<group>"; };
		5E92C22AB7C222617E416D81 /* Release.xcconfig */ = {isa = PBXFileReference; lastKnownFileType = text.xcconfig; path = Release.xcconfig; sourceTree = "<group>"; };
		5ED3D04C0E610BF24A14D6C0 /* MeshBackground.swift */ = {isa = PBXFileReference; lastKnownFileType = sourcecode.swift; path = MeshBackground.swift; sourceTree = "<group>"; };
		63B00898BE4E88A875439310 /* fftwrap.h */ = {isa = PBXFileReference; lastKnownFileType = sourcecode.c.h; path = fftwrap.h; sourceTree = "<group>"; };
		63BC59FA1A1FF7EDEFF55E1C /* VoiceCallAssistantApp.swift */ = {isa = PBXFileReference; lastKnownFileType = sourcecode.swift; path = VoiceCallAssistantApp.swift; sourceTree = "<group>"; };
		6494998E5FC3CC0F71290377 /* SettingsViewModel.swift */ = {isa = PBXFileReference; lastKnownFileType = sourcecode.swift; path = SettingsViewModel.swift; sourceTree = "<group>"; };
		6501B1D3558F9812519F61BF /* ControlledAudioSpeechSynthesizer.swift */ = {isa = PBXFileReference; lastKnownFileType = sourcecode.swift; path = ControlledAudioSpeechSynthesizer.swift; sourceTree = "<group>"; };
		6DED9B6837F46A3562576DE5 /* Pods-AuraVoiceAssistantTests.release.xcconfig */ = {isa = PBXFileReference; includeInIndex = 1; lastKnownFileType = text.xcconfig; name = "Pods-AuraVoiceAssistantTests.release.xcconfig"; path = "Target Support Files/Pods-AuraVoiceAssistantTests/Pods-AuraVoiceAssistantTests.release.xcconfig"; sourceTree = "<group>"; };
		6FD934B0E4EB483F5F3EDA75 /* fixed_bfin.h */ = {isa = PBXFileReference; lastKnownFileType = sourcecode.c.h; path = fixed_bfin.h; sourceTree = "<group>"; };
		738D1A10CB568B886FC63FF0 /* SystemSpeechSynthesizer.swift */ = {isa = PBXFileReference; lastKnownFileType = sourcecode.swift; path = SystemSpeechSynthesizer.swift; sourceTree = "<group>"; };
		814619541CB2D80753F965B9 /* kiss_fftr.h */ = {isa = PBXFileReference; lastKnownFileType = sourcecode.c.h; path = kiss_fftr.h; sourceTree = "<group>"; };
		891DBFAA0A96A98FA39EB3B8 /* misc_bfin.h */ = {isa = PBXFileReference; lastKnownFileType = sourcecode.c.h; path = misc_bfin.h; sourceTree = "<group>"; };
		8BFD600D4F541E457C74E6EB /* AppColors.swift */ = {isa = PBXFileReference; lastKnownFileType = sourcecode.swift; path = AppColors.swift; sourceTree = "<group>"; };
		8D94FB50692B7E2D2F700980 /* SustainedVoiceActivityEmitterTests.swift */ = {isa = PBXFileReference; lastKnownFileType = sourcecode.swift; path = SustainedVoiceActivityEmitterTests.swift; sourceTree = "<group>"; };
		8EB9F638E65BCF5DF6790568 /* PreviewScaffold.swift */ = {isa = PBXFileReference; lastKnownFileType = sourcecode.swift; path = PreviewScaffold.swift; sourceTree = "<group>"; };
		934810D4BE79D86D4FC1AD82 /* VoiceCallViewModelTests.swift */ = {isa = PBXFileReference; lastKnownFileType = sourcecode.swift; path = VoiceCallViewModelTests.swift; sourceTree = "<group>"; };
		95A052017D0305DE401DA9C1 /* bfin.h */ = {isa = PBXFileReference; lastKnownFileType = sourcecode.c.h; path = bfin.h; sourceTree = "<group>"; };
		983F6E7F3931C9164418B019 /* smallft.h */ = {isa = PBXFileReference; lastKnownFileType = sourcecode.c.h; path = smallft.h; sourceTree = "<group>"; };
		A0F7F3594AE162298984DA43 /* VoiceCore */ = {isa = PBXFileReference; lastKnownFileType = folder; name = VoiceCore; path = VoiceCore; sourceTree = SOURCE_ROOT; };
		A87BFB564F8938C8B3996793 /* AudioSessionManager.swift */ = {isa = PBXFileReference; lastKnownFileType = sourcecode.swift; path = AudioSessionManager.swift; sourceTree = "<group>"; };
		A9899D9A59593519E624811D /* kiss_fft.h */ = {isa = PBXFileReference; lastKnownFileType = sourcecode.c.h; path = kiss_fft.h; sourceTree = "<group>"; };
		AD8E4C835FA7D372E2E3B214 /* Info.plist */ = {isa = PBXFileReference; lastKnownFileType = text.plist; path = Info.plist; sourceTree = "<group>"; };
		AF2F69EAB74AC2BE6FF4E5FE /* Pods-AuraVoiceAssistantTests.debug.xcconfig */ = {isa = PBXFileReference; includeInIndex = 1; lastKnownFileType = text.xcconfig; name = "Pods-AuraVoiceAssistantTests.debug.xcconfig"; path = "Target Support Files/Pods-AuraVoiceAssistantTests/Pods-AuraVoiceAssistantTests.debug.xcconfig"; sourceTree = "<group>"; };
		AFE7EC7115BB119D09279F16 /* MockData.swift */ = {isa = PBXFileReference; lastKnownFileType = sourcecode.swift; path = MockData.swift; sourceTree = "<group>"; };
		B1E34B4329DD53665313FC7F /* fixed_debug.h */ = {isa = PBXFileReference; lastKnownFileType = sourcecode.c.h; path = fixed_debug.h; sourceTree = "<group>"; };
		B4B4745A0C2FFE371A094993 /* Pods-AuraVoiceAssistant.release.xcconfig */ = {isa = PBXFileReference; includeInIndex = 1; lastKnownFileType = text.xcconfig; name = "Pods-AuraVoiceAssistant.release.xcconfig"; path = "Target Support Files/Pods-AuraVoiceAssistant/Pods-AuraVoiceAssistant.release.xcconfig"; sourceTree = "<group>"; };
		B952AF47DBAB2132C7B5D497 /* arch.h */ = {isa = PBXFileReference; lastKnownFileType = sourcecode.c.h; path = arch.h; sourceTree = "<group>"; };
		C3912FB15893ADC1FE0ECCA2 /* filterbank.c */ = {isa = PBXFileReference; lastKnownFileType = sourcecode.c.c; path = filterbank.c; sourceTree = "<group>"; };
		C7FE137FE63CE819AB6A9647 /* fixed_generic.h */ = {isa = PBXFileReference; lastKnownFileType = sourcecode.c.h; path = fixed_generic.h; sourceTree = "<group>"; };
		C9C8DB07CA854B5078F1FC85 /* VoiceHomeView.swift */ = {isa = PBXFileReference; lastKnownFileType = sourcecode.swift; path = VoiceHomeView.swift; sourceTree = "<group>"; };
		CA8B43BF7EF897A75924B702 /* GlassPanel.swift */ = {isa = PBXFileReference; lastKnownFileType = sourcecode.swift; path = GlassPanel.swift; sourceTree = "<group>"; };
		CC6A03B545C20CED708E5E11 /* SustainedVoiceActivityEmitter.swift */ = {isa = PBXFileReference; lastKnownFileType = sourcecode.swift; path = SustainedVoiceActivityEmitter.swift; sourceTree = "<group>"; };
		CD064F11237EA1B1D907FB15 /* _kiss_fft_guts.h */ = {isa = PBXFileReference; lastKnownFileType = sourcecode.c.h; path = _kiss_fft_guts.h; sourceTree = "<group>"; };
		CFD3DB7F8F28711DD9C653EE /* kiss_fftr.c */ = {isa = PBXFileReference; lastKnownFileType = sourcecode.c.c; path = kiss_fftr.c; sourceTree = "<group>"; };
		D0C7C194F9909704D9EC5675 /* os_support.h */ = {isa = PBXFileReference; lastKnownFileType = sourcecode.c.h; path = os_support.h; sourceTree = "<group>"; };
		DCE457990A547F29A24BE6C2 /* ContentView.swift */ = {isa = PBXFileReference; lastKnownFileType = sourcecode.swift; path = ContentView.swift; sourceTree = "<group>"; };
		E119614FC683CB9E08BAA305 /* Pods_AuraVoiceAssistantTests.framework */ = {isa = PBXFileReference; explicitFileType = wrapper.framework; includeInIndex = 0; path = Pods_AuraVoiceAssistantTests.framework; sourceTree = BUILT_PRODUCTS_DIR; };
		E140F98A5C60D95CD26494B5 /* VoiceRootView.swift */ = {isa = PBXFileReference; lastKnownFileType = sourcecode.swift; path = VoiceRootView.swift; sourceTree = "<group>"; };
		E607FDB41A0A13B2B2E060FD /* AppSpacing.swift */ = {isa = PBXFileReference; lastKnownFileType = sourcecode.swift; path = AppSpacing.swift; sourceTree = "<group>"; };
		E6E7DE32AB32D0A49E242C7C /* AppText.swift */ = {isa = PBXFileReference; lastKnownFileType = sourcecode.swift; path = AppText.swift; sourceTree = "<group>"; };
		E98DA96367C0D314859A27A0 /* kiss_fft.c */ = {isa = PBXFileReference; lastKnownFileType = sourcecode.c.c; path = kiss_fft.c; sourceTree = "<group>"; };
		EEC4180ABAE828E7FB94F571 /* smallft.c */ = {isa = PBXFileReference; lastKnownFileType = sourcecode.c.c; path = smallft.c; sourceTree = "<group>"; };
		F14417D62505695D145DB93D /* InCallView.swift */ = {isa = PBXFileReference; lastKnownFileType = sourcecode.swift; path = InCallView.swift; sourceTree = "<group>"; };
		F734FF020444E530305CD286 /* LocalConfig.xcconfig */ = {isa = PBXFileReference; lastKnownFileType = text.xcconfig; path = LocalConfig.xcconfig; sourceTree = "<group>"; };
		F7E96491BAD1B3FD0B01168C /* AcousticEchoCancellerTests.swift */ = {isa = PBXFileReference; lastKnownFileType = sourcecode.swift; path = AcousticEchoCancellerTests.swift; sourceTree = "<group>"; };
		F83E6D7443467D4516C99F92 /* fftwrap.c */ = {isa = PBXFileReference; lastKnownFileType = sourcecode.c.c; path = fftwrap.c; sourceTree = "<group>"; };
/* End PBXFileReference section */

/* Begin PBXFrameworksBuildPhase section */
		18515B01A4DA21EECB8AD288 /* Frameworks */ = {
			isa = PBXFrameworksBuildPhase;
			buildActionMask = 2147483647;
			files = (
				92E9E55329AF6490BA1648E7 /* Pods_AuraVoiceAssistantTests.framework in Frameworks */,
			);
			runOnlyForDeploymentPostprocessing = 0;
		};
		41F503E624E42E54EB5E6A9F /* Frameworks */ = {
			isa = PBXFrameworksBuildPhase;
			buildActionMask = 2147483647;
			files = (
				EA22BE2F17596C4AC68A8501 /* VoiceCore in Frameworks */,
				E22B891F448267BDB4850377 /* Pods_AuraVoiceAssistant.framework in Frameworks */,
			);
			runOnlyForDeploymentPostprocessing = 0;
		};
/* End PBXFrameworksBuildPhase section */

/* Begin PBXGroup section */
		06F70C4C2D9D21824C6E0F92 /* Voice */ = {
			isa = PBXGroup;
			children = (
				F14417D62505695D145DB93D /* InCallView.swift */,
				C9C8DB07CA854B5078F1FC85 /* VoiceHomeView.swift */,
				E140F98A5C60D95CD26494B5 /* VoiceRootView.swift */,
			);
			path = Voice;
			sourceTree = "<group>";
		};
		1062BDF999205FAFDB264140 /* Mocks */ = {
			isa = PBXGroup;
			children = (
				AFE7EC7115BB119D09279F16 /* MockData.swift */,
			);
			path = Mocks;
			sourceTree = "<group>";
		};
		1ADCCDEB3F6F1A0C0B445B6D /* Models */ = {
			isa = PBXGroup;
			children = (
				4F15A97519E0296F00C87383 /* ConversationTurn.swift */,
			);
			path = Models;
			sourceTree = "<group>";
		};
		1D7EBE50CBEE9E48304297B1 /* Shared */ = {
			isa = PBXGroup;
			children = (
				28BEA77503A913A0F6CF2895 /* AppHeaderView.swift */,
			);
			path = Shared;
			sourceTree = "<group>";
		};
		1FE33ABE8089C0CC884E0547 /* Frameworks */ = {
			isa = PBXGroup;
			children = (
				0054DE5140D9B9387F013E69 /* Pods_AuraVoiceAssistant.framework */,
				E119614FC683CB9E08BAA305 /* Pods_AuraVoiceAssistantTests.framework */,
			);
			name = Frameworks;
			sourceTree = "<group>";
		};
		228E9757D0568824EF08B1C5 /* ViewModels */ = {
			isa = PBXGroup;
			children = (
				3ED8B0AA53F0E22D5945199D /* HistoryListViewModel.swift */,
				3B3345EECB74102BA08023BA /* MessageListViewModel.swift */,
				6494998E5FC3CC0F71290377 /* SettingsViewModel.swift */,
				4E7A997FF2BF19F885C11CBD /* VoiceCallViewModel.swift */,
			);
			path = ViewModels;
			sourceTree = "<group>";
		};
		2F11E7DB2C7B43425DC64768 /* libspeexdsp */ = {
			isa = PBXGroup;
			children = (
				CD064F11237EA1B1D907FB15 /* _kiss_fft_guts.h */,
				B952AF47DBAB2132C7B5D497 /* arch.h */,
				95A052017D0305DE401DA9C1 /* bfin.h */,
				F83E6D7443467D4516C99F92 /* fftwrap.c */,
				63B00898BE4E88A875439310 /* fftwrap.h */,
				C3912FB15893ADC1FE0ECCA2 /* filterbank.c */,
				2D423EF80A249150EB63934E /* filterbank.h */,
				3CDC961EA54F8D486E03B818 /* fixed_arm4.h */,
				0D26AC47628DB8F9FB6F321D /* fixed_arm5e.h */,
				6FD934B0E4EB483F5F3EDA75 /* fixed_bfin.h */,
				B1E34B4329DD53665313FC7F /* fixed_debug.h */,
				C7FE137FE63CE819AB6A9647 /* fixed_generic.h */,
				E98DA96367C0D314859A27A0 /* kiss_fft.c */,
				A9899D9A59593519E624811D /* kiss_fft.h */,
				CFD3DB7F8F28711DD9C653EE /* kiss_fftr.c */,
				814619541CB2D80753F965B9 /* kiss_fftr.h */,
				2BCCBEF7313D552512A01429 /* math_approx.h */,
				3CB37C6945A490ADAA1C892F /* mdf.c */,
				891DBFAA0A96A98FA39EB3B8 /* misc_bfin.h */,
				D0C7C194F9909704D9EC5675 /* os_support.h */,
				272F5229B00145CED5953DE3 /* preprocess.c */,
				35CBF681D371F8D9D740A601 /* pseudofloat.h */,
				EEC4180ABAE828E7FB94F571 /* smallft.c */,
				983F6E7F3931C9164418B019 /* smallft.h */,
			);
			name = libspeexdsp;
			path = Vendor/AEC/SpeexDSP/libspeexdsp;
			sourceTree = "<group>";
		};
		4BCCF0BAA4CC845EC03C2876 /* Settings */ = {
			isa = PBXGroup;
			children = (
				1105A26558516E8158708D61 /* SettingsView.swift */,
			);
			path = Settings;
			sourceTree = "<group>";
		};
		559CE66A0FF1F0254F7D1AF5 /* Views */ = {
			isa = PBXGroup;
			children = (
				5B4B6E72410C5A904C700C08 /* History */,
				4BCCF0BAA4CC845EC03C2876 /* Settings */,
				1D7EBE50CBEE9E48304297B1 /* Shared */,
				06F70C4C2D9D21824C6E0F92 /* Voice */,
			);
			path = Views;
			sourceTree = "<group>";
		};
		5647111EBC476BE6A64BB3FC /* Pods */ = {
			isa = PBXGroup;
			children = (
				1BBE67FB0F234F2EC2A5ABC4 /* Pods-AuraVoiceAssistant.debug.xcconfig */,
				B4B4745A0C2FFE371A094993 /* Pods-AuraVoiceAssistant.release.xcconfig */,
				AF2F69EAB74AC2BE6FF4E5FE /* Pods-AuraVoiceAssistantTests.debug.xcconfig */,
				6DED9B6837F46A3562576DE5 /* Pods-AuraVoiceAssistantTests.release.xcconfig */,
			);
			name = Pods;
			path = Pods;
			sourceTree = "<group>";
		};
		5B4B6E72410C5A904C700C08 /* History */ = {
			isa = PBXGroup;
			children = (
				2FB305B67029713BA0EF6AE7 /* HistoryListView.swift */,
				18233E523C189CC3AC189860 /* MessageDetailView.swift */,
			);
			path = History;
			sourceTree = "<group>";
		};
		71C3AB5B1374F39FA2364C0D /* DesignSystem */ = {
			isa = PBXGroup;
			children = (
				8BFD600D4F541E457C74E6EB /* AppColors.swift */,
				E607FDB41A0A13B2B2E060FD /* AppSpacing.swift */,
				38CE417348D3C0AF983924D6 /* AppTypography.swift */,
				CA8B43BF7EF897A75924B702 /* GlassPanel.swift */,
				5ED3D04C0E610BF24A14D6C0 /* MeshBackground.swift */,
				8EB9F638E65BCF5DF6790568 /* PreviewScaffold.swift */,
				5AC211B1DAB5DCD4B62BDE01 /* VoiceWaveView.swift */,
			);
			path = DesignSystem;
			sourceTree = "<group>";
		};
		84F2223776B95A0F3568DB9D /* AuraVoiceAssistant */ = {
			isa = PBXGroup;
			children = (
				21093BB059738EDB7AA0B09C /* Assets.xcassets */,
				F24EF4660735E70782D4166F /* App */,
				71C3AB5B1374F39FA2364C0D /* DesignSystem */,
				1062BDF999205FAFDB264140 /* Mocks */,
				1ADCCDEB3F6F1A0C0B445B6D /* Models */,
				B21C81B8D725CBFF390CC22A /* Services */,
				228E9757D0568824EF08B1C5 /* ViewModels */,
				559CE66A0FF1F0254F7D1AF5 /* Views */,
			);
			path = AuraVoiceAssistant;
			sourceTree = "<group>";
		};
		988F5F8982D2852512472301 /* History */ = {
			isa = PBXGroup;
			children = (
				25F559E14EC06BC79B680FBD /* ConversationStoring.swift */,
				424E818917A2D6800613E199 /* PreviewConversationStore.swift */,
			);
			path = History;
			sourceTree = "<group>";
		};
		9D594C08F4C2510ED356EEB8 /* Products */ = {
			isa = PBXGroup;
			children = (
				39EA2E82EEE2D917508920D9 /* AuraVoiceAssistant.app */,
				07B71D94294FCD4CC2A2A7D2 /* AuraVoiceAssistantTests.xctest */,
			);
			name = Products;
			sourceTree = "<group>";
		};
		AEF3F4A0BDE025CD2836071A = {
			isa = PBXGroup;
			children = (
				84F2223776B95A0F3568DB9D /* AuraVoiceAssistant */,
				FFA6B950D34F2C89CF6A5FAC /* AuraVoiceAssistantTests */,
				2F11E7DB2C7B43425DC64768 /* libspeexdsp */,
				E9488C8F6B8C4915885E3675 /* Packages */,
				9D594C08F4C2510ED356EEB8 /* Products */,
				5647111EBC476BE6A64BB3FC /* Pods */,
				1FE33ABE8089C0CC884E0547 /* Frameworks */,
			);
			sourceTree = "<group>";
		};
		B21C81B8D725CBFF390CC22A /* Services */ = {
			isa = PBXGroup;
			children = (
				988F5F8982D2852512472301 /* History */,
				FEE07DC06EBBABF6ACC4DE4A /* Speech */,
			);
			path = Services;
			sourceTree = "<group>";
		};
		E9488C8F6B8C4915885E3675 /* Packages */ = {
			isa = PBXGroup;
			children = (
				A0F7F3594AE162298984DA43 /* VoiceCore */,
			);
			name = Packages;
			sourceTree = "<group>";
		};
		F24EF4660735E70782D4166F /* App */ = {
			isa = PBXGroup;
			children = (
				4848598178BFBD6B6206975A /* AppConfig.swift */,
				30042FA1EABD9C15465A25B9 /* AppConfig+VoiceCore.swift */,
				E6E7DE32AB32D0A49E242C7C /* AppText.swift */,
				DCE457990A547F29A24BE6C2 /* ContentView.swift */,
				48DACB8AF2BC2E39E0059DF2 /* Debug.xcconfig */,
				AD8E4C835FA7D372E2E3B214 /* Info.plist */,
				018AB3B6D3D0520C16232051 /* LocalConfig.sample.xcconfig */,
				F734FF020444E530305CD286 /* LocalConfig.xcconfig */,
				5E92C22AB7C222617E416D81 /* Release.xcconfig */,
				63BC59FA1A1FF7EDEFF55E1C /* VoiceCallAssistantApp.swift */,
			);
			path = App;
			sourceTree = "<group>";
		};
		FEE07DC06EBBABF6ACC4DE4A /* Speech */ = {
			isa = PBXGroup;
			children = (
				135EDA5308A37E7B01CCA36B /* AcousticEchoCanceller.swift */,
				A87BFB564F8938C8B3996793 /* AudioSessionManager.swift */,
				0CD3C00B0EFFAE090AC8B5E9 /* AzureSpeechRecognizer.swift */,
				2FB83F38B79DFFD42433F1B8 /* AzureSpeechSynthesizer.swift */,
				6501B1D3558F9812519F61BF /* ControlledAudioSpeechSynthesizer.swift */,
				3EE2C16DB77B0CB3B8137840 /* HeuristicSpeakerEvidenceProvider.swift */,
				4E11990DA4904D28E4EA2401 /* MicrophoneAudioEvidenceBuffer.swift */,
				0E695C3A7592221F8D633137 /* ProcessedAzureAudioInputStream.swift */,
				4B0340483CD5958B62B50D34 /* SpeechServiceFactory.swift */,
				CC6A03B545C20CED708E5E11 /* SustainedVoiceActivityEmitter.swift */,
				738D1A10CB568B886FC63FF0 /* SystemSpeechSynthesizer.swift */,
			);
			path = Speech;
			sourceTree = "<group>";
		};
		FFA6B950D34F2C89CF6A5FAC /* AuraVoiceAssistantTests */ = {
			isa = PBXGroup;
			children = (
				F7E96491BAD1B3FD0B01168C /* AcousticEchoCancellerTests.swift */,
				43413DDD2AB8B0A0164BDC37 /* HeuristicSpeakerEvidenceProviderTests.swift */,
				435C3FFB83D39A6CD77A55EF /* HistoryListViewModelTests.swift */,
				3629706AC017BA11BAC3F69B /* MicrophoneAudioEvidenceBufferTests.swift */,
				2F40B221DC97837A5192BD2F /* SettingsViewModelTests.swift */,
				51BC9BE0C48CFBFE49ED912F /* SpeechServiceFactoryTests.swift */,
				8D94FB50692B7E2D2F700980 /* SustainedVoiceActivityEmitterTests.swift */,
				934810D4BE79D86D4FC1AD82 /* VoiceCallViewModelTests.swift */,
				135EAF7176B363A5B9244EC9 /* VoiceCoreIntegrationTests.swift */,
			);
			path = AuraVoiceAssistantTests;
			sourceTree = "<group>";
		};
/* End PBXGroup section */

/* Begin PBXNativeTarget section */
		5838E2725B92B1D52F0698BE /* AuraVoiceAssistant */ = {
			isa = PBXNativeTarget;
			buildConfigurationList = B9CDAFAF151B7302494DBE9B /* Build configuration list for PBXNativeTarget "AuraVoiceAssistant" */;
			buildPhases = (
				570E47EFB6BD03575D9B2EFD /* [CP] Check Pods Manifest.lock */,
				3618BAD91DCDB182375FDBA2 /* Sources */,
				EDDB0DD6EC227039196EA01A /* Resources */,
				41F503E624E42E54EB5E6A9F /* Frameworks */,
				E7AD329BF24A5CA1C7942B2C /* [CP] Embed Pods Frameworks */,
			);
			buildRules = (
			);
			dependencies = (
			);
			name = AuraVoiceAssistant;
			packageProductDependencies = (
				0FA42DFF97AD4E218C51339A /* VoiceCore */,
			);
			productName = AuraVoiceAssistant;
			productReference = 39EA2E82EEE2D917508920D9 /* AuraVoiceAssistant.app */;
			productType = "com.apple.product-type.application";
		};
		A86722CE99B7BBE8ADD0E4C6 /* AuraVoiceAssistantTests */ = {
			isa = PBXNativeTarget;
			buildConfigurationList = 0D25AAC611CC55335CB88145 /* Build configuration list for PBXNativeTarget "AuraVoiceAssistantTests" */;
			buildPhases = (
				456D8EE762FE4F2C45F38995 /* [CP] Check Pods Manifest.lock */,
				1D3D8894E66AE6B9C4C741A1 /* Sources */,
				18515B01A4DA21EECB8AD288 /* Frameworks */,
			);
			buildRules = (
			);
			dependencies = (
				9926B4AAB8FC020D9C024E9E /* PBXTargetDependency */,
			);
			name = AuraVoiceAssistantTests;
			productName = AuraVoiceAssistantTests;
			productReference = 07B71D94294FCD4CC2A2A7D2 /* AuraVoiceAssistantTests.xctest */;
			productType = "com.apple.product-type.bundle.unit-test";
		};
/* End PBXNativeTarget section */

/* Begin PBXProject section */
		88C106FC1DAA7EC9DF76CF92 /* Project object */ = {
			isa = PBXProject;
			attributes = {
				BuildIndependentTargetsInParallel = YES;
				LastUpgradeCheck = 1430;
			};
			buildConfigurationList = D31C53CEF5D75395335B5757 /* Build configuration list for PBXProject "AuraVoiceAssistant" */;
			compatibilityVersion = "Xcode 14.0";
			developmentRegion = en;
			hasScannedForEncodings = 0;
			knownRegions = (
				Base,
				en,
			);
			mainGroup = AEF3F4A0BDE025CD2836071A;
			minimizedProjectReferenceProxies = 1;
			packageReferences = (
				6CA23D9FF7652BBAA89E166C /* XCLocalSwiftPackageReference "VoiceCore" */,
			);
			preferredProjectObjectVersion = 77;
			productRefGroup = 9D594C08F4C2510ED356EEB8 /* Products */;
			projectDirPath = "";
			projectRoot = "";
			targets = (
				5838E2725B92B1D52F0698BE /* AuraVoiceAssistant */,
				A86722CE99B7BBE8ADD0E4C6 /* AuraVoiceAssistantTests */,
			);
		};
/* End PBXProject section */

/* Begin PBXResourcesBuildPhase section */
		EDDB0DD6EC227039196EA01A /* Resources */ = {
			isa = PBXResourcesBuildPhase;
			buildActionMask = 2147483647;
			files = (
				D569EFFB9B4DEC814D7C957F /* Assets.xcassets in Resources */,
			);
			runOnlyForDeploymentPostprocessing = 0;
		};
/* End PBXResourcesBuildPhase section */

/* Begin PBXShellScriptBuildPhase section */
		456D8EE762FE4F2C45F38995 /* [CP] Check Pods Manifest.lock */ = {
			isa = PBXShellScriptBuildPhase;
			buildActionMask = 2147483647;
			files = (
			);
			inputFileListPaths = (
			);
			inputPaths = (
				"${PODS_PODFILE_DIR_PATH}/Podfile.lock",
				"${PODS_ROOT}/Manifest.lock",
			);
			name = "[CP] Check Pods Manifest.lock";
			outputFileListPaths = (
			);
			outputPaths = (
				"$(DERIVED_FILE_DIR)/Pods-AuraVoiceAssistantTests-checkManifestLockResult.txt",
			);
			runOnlyForDeploymentPostprocessing = 0;
			shellPath = /bin/sh;
			shellScript = "diff \"${PODS_PODFILE_DIR_PATH}/Podfile.lock\" \"${PODS_ROOT}/Manifest.lock\" > /dev/null\nif [ $? != 0 ] ; then\n    # print error to STDERR\n    echo \"error: The sandbox is not in sync with the Podfile.lock. Run 'pod install' or update your CocoaPods installation.\" >&2\n    exit 1\nfi\n# This output is used by Xcode 'outputs' to avoid re-running this script phase.\necho \"SUCCESS\" > \"${SCRIPT_OUTPUT_FILE_0}\"\n";
			showEnvVarsInLog = 0;
		};
		570E47EFB6BD03575D9B2EFD /* [CP] Check Pods Manifest.lock */ = {
			isa = PBXShellScriptBuildPhase;
			buildActionMask = 2147483647;
			files = (
			);
			inputFileListPaths = (
			);
			inputPaths = (
				"${PODS_PODFILE_DIR_PATH}/Podfile.lock",
				"${PODS_ROOT}/Manifest.lock",
			);
			name = "[CP] Check Pods Manifest.lock";
			outputFileListPaths = (
			);
			outputPaths = (
				"$(DERIVED_FILE_DIR)/Pods-AuraVoiceAssistant-checkManifestLockResult.txt",
			);
			runOnlyForDeploymentPostprocessing = 0;
			shellPath = /bin/sh;
			shellScript = "diff \"${PODS_PODFILE_DIR_PATH}/Podfile.lock\" \"${PODS_ROOT}/Manifest.lock\" > /dev/null\nif [ $? != 0 ] ; then\n    # print error to STDERR\n    echo \"error: The sandbox is not in sync with the Podfile.lock. Run 'pod install' or update your CocoaPods installation.\" >&2\n    exit 1\nfi\n# This output is used by Xcode 'outputs' to avoid re-running this script phase.\necho \"SUCCESS\" > \"${SCRIPT_OUTPUT_FILE_0}\"\n";
			showEnvVarsInLog = 0;
		};
		E7AD329BF24A5CA1C7942B2C /* [CP] Embed Pods Frameworks */ = {
			isa = PBXShellScriptBuildPhase;
			buildActionMask = 2147483647;
			files = (
			);
			inputFileListPaths = (
				"${PODS_ROOT}/Target Support Files/Pods-AuraVoiceAssistant/Pods-AuraVoiceAssistant-frameworks-${CONFIGURATION}-input-files.xcfilelist",
			);
			name = "[CP] Embed Pods Frameworks";
			outputFileListPaths = (
				"${PODS_ROOT}/Target Support Files/Pods-AuraVoiceAssistant/Pods-AuraVoiceAssistant-frameworks-${CONFIGURATION}-output-files.xcfilelist",
			);
			runOnlyForDeploymentPostprocessing = 0;
			shellPath = /bin/sh;
			shellScript = "\"${PODS_ROOT}/Target Support Files/Pods-AuraVoiceAssistant/Pods-AuraVoiceAssistant-frameworks.sh\"\n";
			showEnvVarsInLog = 0;
		};
/* End PBXShellScriptBuildPhase section */

/* Begin PBXSourcesBuildPhase section */
		1D3D8894E66AE6B9C4C741A1 /* Sources */ = {
			isa = PBXSourcesBuildPhase;
			buildActionMask = 2147483647;
			files = (
				CB19145D7367CF5ACD83937D /* AcousticEchoCancellerTests.swift in Sources */,
				245D5BBD9333C2ED263A9418 /* HeuristicSpeakerEvidenceProviderTests.swift in Sources */,
				4D6B81AA049DD566766AF9A8 /* HistoryListViewModelTests.swift in Sources */,
				3525ED531F20400EF1A84883 /* MicrophoneAudioEvidenceBufferTests.swift in Sources */,
				93E4F87383BFC128EF14925C /* SettingsViewModelTests.swift in Sources */,
				D3FF7559636FC06052D90FCE /* SpeechServiceFactoryTests.swift in Sources */,
				D6CE536A19906AB47522303D /* SustainedVoiceActivityEmitterTests.swift in Sources */,
				2B98BAEABC0D641404AB7289 /* VoiceCallViewModelTests.swift in Sources */,
				10F6EF7662E8D50CB51ACE82 /* VoiceCoreIntegrationTests.swift in Sources */,
			);
			runOnlyForDeploymentPostprocessing = 0;
		};
		3618BAD91DCDB182375FDBA2 /* Sources */ = {
			isa = PBXSourcesBuildPhase;
			buildActionMask = 2147483647;
			files = (
				1F5DBF8687F4A241461889DA /* AcousticEchoCanceller.swift in Sources */,
				A5495E23EBFD3AB1055E174B /* AppColors.swift in Sources */,
				D8E41878FB7E60FC0FFAEB64 /* AppConfig+VoiceCore.swift in Sources */,
				53AFB3F64F0C12C5A608093F /* AppConfig.swift in Sources */,
				B71FB7606C7BDB13D2685FF8 /* AppHeaderView.swift in Sources */,
				91FD33EA7308098F82575AF7 /* AppSpacing.swift in Sources */,
				265F9E51B92C691C544E70E2 /* AppText.swift in Sources */,
				F7D95BB51DE66950A2792B1B /* AppTypography.swift in Sources */,
				F4F0BCBB958411388F3B945A /* AudioSessionManager.swift in Sources */,
				C85A2D81CFF95006CF1594D5 /* AzureSpeechRecognizer.swift in Sources */,
				116FDEFBF9ACC25271E05737 /* AzureSpeechSynthesizer.swift in Sources */,
				EB7102744ECE7610D5B6F099 /* ContentView.swift in Sources */,
				20DCDC18005170C56D70FE97 /* ControlledAudioSpeechSynthesizer.swift in Sources */,
				C83FAB8C7CEC66192CE35D2A /* ConversationStoring.swift in Sources */,
				050E27718752A13049E7E068 /* ConversationTurn.swift in Sources */,
				56282EB560EBDF956F823CCF /* GlassPanel.swift in Sources */,
				0F7A7387657ED0B551E2FA76 /* HeuristicSpeakerEvidenceProvider.swift in Sources */,
				6C5FDF5949BBEEBBDBF21254 /* HistoryListView.swift in Sources */,
				63A1FF0A622198BF37810AFF /* HistoryListViewModel.swift in Sources */,
				821AD51EF9E090A78F16E69E /* InCallView.swift in Sources */,
				D68E998F45C9334ED0EF9DFD /* MeshBackground.swift in Sources */,
				B84073C7FC928B03B5F38BF1 /* MessageDetailView.swift in Sources */,
				E5683C8E14683DCD035DBE86 /* MessageListViewModel.swift in Sources */,
				6BA772B3E493DD8939020C79 /* MicrophoneAudioEvidenceBuffer.swift in Sources */,
				504F8DAFD7DC71A84E80C874 /* MockData.swift in Sources */,
				9486BC672CFE76688A003EB5 /* PreviewConversationStore.swift in Sources */,
				BE45AC22A42E76A059807637 /* PreviewScaffold.swift in Sources */,
				565719299A7D44F0EB0BBD98 /* ProcessedAzureAudioInputStream.swift in Sources */,
				F345A62EF8358F8331745533 /* SettingsView.swift in Sources */,
				DD95B1FBF042E42003589CB2 /* SettingsViewModel.swift in Sources */,
				4B3AF03D60E95EEC0889DBCF /* SpeechServiceFactory.swift in Sources */,
				E280E70E7E1CB72C73D15240 /* SustainedVoiceActivityEmitter.swift in Sources */,
				376D7EDA33AA542253166220 /* SystemSpeechSynthesizer.swift in Sources */,
				91BB79975E50FD87107F9CC7 /* VoiceCallAssistantApp.swift in Sources */,
				762AF19DABE78081175F4105 /* VoiceCallViewModel.swift in Sources */,
				463D31826A6205B6EFA8ABD8 /* VoiceHomeView.swift in Sources */,
				ECC68B3B2D74EEB7463AC39E /* VoiceRootView.swift in Sources */,
				B43DA451DA9E1248E427A292 /* VoiceWaveView.swift in Sources */,
				E04B2727299FE3A9BF0C3251 /* fftwrap.c in Sources */,
				3D16567E5616C616385540D8 /* filterbank.c in Sources */,
				0CB8262C8AC06298B9649C01 /* kiss_fft.c in Sources */,
				E2AF49AB4F07973F9A4A818E /* kiss_fftr.c in Sources */,
				030735CABD36D7FB877879E3 /* mdf.c in Sources */,
				C01E94597CA06779762B2948 /* preprocess.c in Sources */,
				C10DD8656ACDF13E75D6C152 /* smallft.c in Sources */,
			);
			runOnlyForDeploymentPostprocessing = 0;
		};
/* End PBXSourcesBuildPhase section */

/* Begin PBXTargetDependency section */
		9926B4AAB8FC020D9C024E9E /* PBXTargetDependency */ = {
			isa = PBXTargetDependency;
			target = 5838E2725B92B1D52F0698BE /* AuraVoiceAssistant */;
			targetProxy = AFE87C7CB62F8E7D8175AF69 /* PBXContainerItemProxy */;
		};
/* End PBXTargetDependency section */

/* Begin XCBuildConfiguration section */
		29E1AF9EA9C4BB966D660DF8 /* Debug */ = {
			isa = XCBuildConfiguration;
			baseConfigurationReference = AF2F69EAB74AC2BE6FF4E5FE /* Pods-AuraVoiceAssistantTests.debug.xcconfig */;
			buildSettings = {
				BUNDLE_LOADER = "$(TEST_HOST)";
				GENERATE_INFOPLIST_FILE = YES;
				IPHONEOS_DEPLOYMENT_TARGET = 15.0;
				LD_RUNPATH_SEARCH_PATHS = (
					"$(inherited)",
					"@executable_path/Frameworks",
					"@loader_path/Frameworks",
				);
				PRODUCT_BUNDLE_IDENTIFIER = com.aura.AuraVoiceAssistantTests;
				SDKROOT = iphoneos;
				TARGETED_DEVICE_FAMILY = "1,2";
				TEST_HOST = "$(BUILT_PRODUCTS_DIR)/AuraVoiceAssistant.app/AuraVoiceAssistant";
			};
			name = Debug;
		};
		59494E754A67F68907747471 /* Debug */ = {
			isa = XCBuildConfiguration;
			buildSettings = {
				ALWAYS_SEARCH_USER_PATHS = NO;
				CLANG_ANALYZER_NONNULL = YES;
				CLANG_ANALYZER_NUMBER_OBJECT_CONVERSION = YES_AGGRESSIVE;
				CLANG_CXX_LANGUAGE_STANDARD = "gnu++14";
				CLANG_CXX_LIBRARY = "libc++";
				CLANG_ENABLE_MODULES = YES;
				CLANG_ENABLE_OBJC_ARC = YES;
				CLANG_ENABLE_OBJC_WEAK = YES;
				CLANG_WARN_BLOCK_CAPTURE_AUTORELEASING = YES;
				CLANG_WARN_BOOL_CONVERSION = YES;
				CLANG_WARN_COMMA = YES;
				CLANG_WARN_CONSTANT_CONVERSION = YES;
				CLANG_WARN_DEPRECATED_OBJC_IMPLEMENTATIONS = YES;
				CLANG_WARN_DIRECT_OBJC_ISA_USAGE = YES_ERROR;
				CLANG_WARN_DOCUMENTATION_COMMENTS = YES;
				CLANG_WARN_EMPTY_BODY = YES;
				CLANG_WARN_ENUM_CONVERSION = YES;
				CLANG_WARN_INFINITE_RECURSION = YES;
				CLANG_WARN_INT_CONVERSION = YES;
				CLANG_WARN_NON_LITERAL_NULL_CONVERSION = YES;
				CLANG_WARN_OBJC_IMPLICIT_RETAIN_SELF = YES;
				CLANG_WARN_OBJC_LITERAL_CONVERSION = YES;
				CLANG_WARN_OBJC_ROOT_CLASS = YES_ERROR;
				CLANG_WARN_QUOTED_INCLUDE_IN_FRAMEWORK_HEADER = YES;
				CLANG_WARN_RANGE_LOOP_ANALYSIS = YES;
				CLANG_WARN_STRICT_PROTOTYPES = YES;
				CLANG_WARN_SUSPICIOUS_MOVE = YES;
				CLANG_WARN_UNGUARDED_AVAILABILITY = YES_AGGRESSIVE;
				CLANG_WARN_UNREACHABLE_CODE = YES;
				CLANG_WARN__DUPLICATE_METHOD_MATCH = YES;
				COPY_PHASE_STRIP = NO;
				CURRENT_PROJECT_VERSION = 1;
				DEBUG_INFORMATION_FORMAT = dwarf;
				ENABLE_STRICT_OBJC_MSGSEND = YES;
				ENABLE_TESTABILITY = YES;
				GCC_C_LANGUAGE_STANDARD = gnu11;
				GCC_DYNAMIC_NO_PIC = NO;
				GCC_NO_COMMON_BLOCKS = YES;
				GCC_OPTIMIZATION_LEVEL = 0;
				GCC_PREPROCESSOR_DEFINITIONS = (
					"$(inherited)",
					"DEBUG=1",
				);
				GCC_WARN_64_TO_32_BIT_CONVERSION = YES;
				GCC_WARN_ABOUT_RETURN_TYPE = YES_ERROR;
				GCC_WARN_UNDECLARED_SELECTOR = YES;
				GCC_WARN_UNINITIALIZED_AUTOS = YES_AGGRESSIVE;
				GCC_WARN_UNUSED_FUNCTION = YES;
				GCC_WARN_UNUSED_VARIABLE = YES;
				IPHONEOS_DEPLOYMENT_TARGET = 15.0;
				MARKETING_VERSION = 1.0;
				MTL_ENABLE_DEBUG_INFO = INCLUDE_SOURCE;
				MTL_FAST_MATH = YES;
				ONLY_ACTIVE_ARCH = YES;
				PRODUCT_NAME = "$(TARGET_NAME)";
				SDKROOT = iphoneos;
				SWIFT_ACTIVE_COMPILATION_CONDITIONS = DEBUG;
				SWIFT_OPTIMIZATION_LEVEL = "-Onone";
				SWIFT_VERSION = 5.9;
			};
			name = Debug;
		};
		599E3DE7232A7E711D550BEA /* Debug */ = {
			isa = XCBuildConfiguration;
			baseConfigurationReference = 48DACB8AF2BC2E39E0059DF2 /* Debug.xcconfig */;
			buildSettings = {
				ASSETCATALOG_COMPILER_APPICON_NAME = AppIcon;
				CODE_SIGN_IDENTITY = "iPhone Developer";
				CONFIGURATION_BUILD_DIR = "$(BUILD_DIR)/$(CONFIGURATION)$(EFFECTIVE_PLATFORM_NAME)";
				GCC_PREPROCESSOR_DEFINITIONS = (
					"$(inherited)",
					FLOATING_POINT,
					USE_KISS_FFT,
					"EXPORT=",
					DISABLE_WARNINGS,
				);
				HEADER_SEARCH_PATHS = (
					"$(PROJECT_DIR)/Vendor/AEC/SpeexDSP/include",
					"$(PROJECT_DIR)/Vendor/AEC/SpeexDSP/libspeexdsp",
				);
				"HEADER_SEARCH_PATHS[sdk=iphoneos*]" = (
					"$(PROJECT_DIR)/Vendor/AEC/include",
					"$(PROJECT_DIR)/Vendor/AEC/SpeexDSP/include",
					"$(PROJECT_DIR)/Vendor/AEC/SpeexDSP/libspeexdsp",
				);
				INFOPLIST_FILE = AuraVoiceAssistant/App/Info.plist;
				IPHONEOS_DEPLOYMENT_TARGET = 15.0;
				"LIBRARY_SEARCH_PATHS[sdk=iphoneos*]" = "$(PROJECT_DIR)/Vendor/AEC/lib/ios-arm64";
				"OTHER_LDFLAGS[sdk=iphoneos*]" = "-laec";
				PRODUCT_BUNDLE_IDENTIFIER = com.aura.voiceassistant;
				SDKROOT = iphoneos;
				TARGETED_DEVICE_FAMILY = "1,2";
			};
			name = Debug;
		};
		6EC81AEF8CDFC5A54B63A986 /* Release */ = {
			isa = XCBuildConfiguration;
			baseConfigurationReference = 6DED9B6837F46A3562576DE5 /* Pods-AuraVoiceAssistantTests.release.xcconfig */;
			buildSettings = {
				BUNDLE_LOADER = "$(TEST_HOST)";
				GENERATE_INFOPLIST_FILE = YES;
				IPHONEOS_DEPLOYMENT_TARGET = 15.0;
				LD_RUNPATH_SEARCH_PATHS = (
					"$(inherited)",
					"@executable_path/Frameworks",
					"@loader_path/Frameworks",
				);
				PRODUCT_BUNDLE_IDENTIFIER = com.aura.AuraVoiceAssistantTests;
				SDKROOT = iphoneos;
				TARGETED_DEVICE_FAMILY = "1,2";
				TEST_HOST = "$(BUILT_PRODUCTS_DIR)/AuraVoiceAssistant.app/AuraVoiceAssistant";
			};
			name = Release;
		};
		8D54135574C071D5AF53DED5 /* Release */ = {
			isa = XCBuildConfiguration;
			buildSettings = {
				ALWAYS_SEARCH_USER_PATHS = NO;
				CLANG_ANALYZER_NONNULL = YES;
				CLANG_ANALYZER_NUMBER_OBJECT_CONVERSION = YES_AGGRESSIVE;
				CLANG_CXX_LANGUAGE_STANDARD = "gnu++14";
				CLANG_CXX_LIBRARY = "libc++";
				CLANG_ENABLE_MODULES = YES;
				CLANG_ENABLE_OBJC_ARC = YES;
				CLANG_ENABLE_OBJC_WEAK = YES;
				CLANG_WARN_BLOCK_CAPTURE_AUTORELEASING = YES;
				CLANG_WARN_BOOL_CONVERSION = YES;
				CLANG_WARN_COMMA = YES;
				CLANG_WARN_CONSTANT_CONVERSION = YES;
				CLANG_WARN_DEPRECATED_OBJC_IMPLEMENTATIONS = YES;
				CLANG_WARN_DIRECT_OBJC_ISA_USAGE = YES_ERROR;
				CLANG_WARN_DOCUMENTATION_COMMENTS = YES;
				CLANG_WARN_EMPTY_BODY = YES;
				CLANG_WARN_ENUM_CONVERSION = YES;
				CLANG_WARN_INFINITE_RECURSION = YES;
				CLANG_WARN_INT_CONVERSION = YES;
				CLANG_WARN_NON_LITERAL_NULL_CONVERSION = YES;
				CLANG_WARN_OBJC_IMPLICIT_RETAIN_SELF = YES;
				CLANG_WARN_OBJC_LITERAL_CONVERSION = YES;
				CLANG_WARN_OBJC_ROOT_CLASS = YES_ERROR;
				CLANG_WARN_QUOTED_INCLUDE_IN_FRAMEWORK_HEADER = YES;
				CLANG_WARN_RANGE_LOOP_ANALYSIS = YES;
				CLANG_WARN_STRICT_PROTOTYPES = YES;
				CLANG_WARN_SUSPICIOUS_MOVE = YES;
				CLANG_WARN_UNGUARDED_AVAILABILITY = YES_AGGRESSIVE;
				CLANG_WARN_UNREACHABLE_CODE = YES;
				CLANG_WARN__DUPLICATE_METHOD_MATCH = YES;
				COPY_PHASE_STRIP = NO;
				CURRENT_PROJECT_VERSION = 1;
				DEBUG_INFORMATION_FORMAT = "dwarf-with-dsym";
				ENABLE_NS_ASSERTIONS = NO;
				ENABLE_STRICT_OBJC_MSGSEND = YES;
				GCC_C_LANGUAGE_STANDARD = gnu11;
				GCC_NO_COMMON_BLOCKS = YES;
				GCC_WARN_64_TO_32_BIT_CONVERSION = YES;
				GCC_WARN_ABOUT_RETURN_TYPE = YES_ERROR;
				GCC_WARN_UNDECLARED_SELECTOR = YES;
				GCC_WARN_UNINITIALIZED_AUTOS = YES_AGGRESSIVE;
				GCC_WARN_UNUSED_FUNCTION = YES;
				GCC_WARN_UNUSED_VARIABLE = YES;
				IPHONEOS_DEPLOYMENT_TARGET = 15.0;
				MARKETING_VERSION = 1.0;
				MTL_ENABLE_DEBUG_INFO = NO;
				MTL_FAST_MATH = YES;
				PRODUCT_NAME = "$(TARGET_NAME)";
				SDKROOT = iphoneos;
				SWIFT_COMPILATION_MODE = wholemodule;
				SWIFT_OPTIMIZATION_LEVEL = "-O";
				SWIFT_VERSION = 5.9;
			};
			name = Release;
		};
		ACBDE92A645F26404A155AF3 /* Release */ = {
			isa = XCBuildConfiguration;
			baseConfigurationReference = 5E92C22AB7C222617E416D81 /* Release.xcconfig */;
			buildSettings = {
				ASSETCATALOG_COMPILER_APPICON_NAME = AppIcon;
				CODE_SIGN_IDENTITY = "iPhone Developer";
				CONFIGURATION_BUILD_DIR = "$(BUILD_DIR)/$(CONFIGURATION)$(EFFECTIVE_PLATFORM_NAME)";
				GCC_PREPROCESSOR_DEFINITIONS = (
					"$(inherited)",
					FLOATING_POINT,
					USE_KISS_FFT,
					"EXPORT=",
					DISABLE_WARNINGS,
				);
				HEADER_SEARCH_PATHS = (
					"$(PROJECT_DIR)/Vendor/AEC/SpeexDSP/include",
					"$(PROJECT_DIR)/Vendor/AEC/SpeexDSP/libspeexdsp",
				);
				"HEADER_SEARCH_PATHS[sdk=iphoneos*]" = (
					"$(PROJECT_DIR)/Vendor/AEC/include",
					"$(PROJECT_DIR)/Vendor/AEC/SpeexDSP/include",
					"$(PROJECT_DIR)/Vendor/AEC/SpeexDSP/libspeexdsp",
				);
				INFOPLIST_FILE = AuraVoiceAssistant/App/Info.plist;
				IPHONEOS_DEPLOYMENT_TARGET = 15.0;
				"LIBRARY_SEARCH_PATHS[sdk=iphoneos*]" = "$(PROJECT_DIR)/Vendor/AEC/lib/ios-arm64";
				"OTHER_LDFLAGS[sdk=iphoneos*]" = "-laec";
				PRODUCT_BUNDLE_IDENTIFIER = com.aura.voiceassistant;
				SDKROOT = iphoneos;
				TARGETED_DEVICE_FAMILY = "1,2";
			};
			name = Release;
		};
/* End XCBuildConfiguration section */

/* Begin XCConfigurationList section */
		0D25AAC611CC55335CB88145 /* Build configuration list for PBXNativeTarget "AuraVoiceAssistantTests" */ = {
			isa = XCConfigurationList;
			buildConfigurations = (
				29E1AF9EA9C4BB966D660DF8 /* Debug */,
				6EC81AEF8CDFC5A54B63A986 /* Release */,
			);
			defaultConfigurationIsVisible = 0;
			defaultConfigurationName = Debug;
		};
		B9CDAFAF151B7302494DBE9B /* Build configuration list for PBXNativeTarget "AuraVoiceAssistant" */ = {
			isa = XCConfigurationList;
			buildConfigurations = (
				599E3DE7232A7E711D550BEA /* Debug */,
				ACBDE92A645F26404A155AF3 /* Release */,
			);
			defaultConfigurationIsVisible = 0;
			defaultConfigurationName = Debug;
		};
		D31C53CEF5D75395335B5757 /* Build configuration list for PBXProject "AuraVoiceAssistant" */ = {
			isa = XCConfigurationList;
			buildConfigurations = (
				59494E754A67F68907747471 /* Debug */,
				8D54135574C071D5AF53DED5 /* Release */,
			);
			defaultConfigurationIsVisible = 0;
			defaultConfigurationName = Debug;
		};
/* End XCConfigurationList section */

/* Begin XCLocalSwiftPackageReference section */
		6CA23D9FF7652BBAA89E166C /* XCLocalSwiftPackageReference "VoiceCore" */ = {
			isa = XCLocalSwiftPackageReference;
			relativePath = VoiceCore;
		};
/* End XCLocalSwiftPackageReference section */

/* Begin XCSwiftPackageProductDependency section */
		0FA42DFF97AD4E218C51339A /* VoiceCore */ = {
			isa = XCSwiftPackageProductDependency;
			productName = VoiceCore;
		};
/* End XCSwiftPackageProductDependency section */
	};
	rootObject = 88C106FC1DAA7EC9DF76CF92 /* Project object */;
}
